// !$*UTF8*$!
{
	archiveVersion = 1;
	classes = {
	};
	objectVersion = 51;
	objects = {

/* Begin PBXBuildFile section */
		7D29352388F78BA20CEA1659 /* Pods_GithubSearch_GithubSearchUITests.framework in Frameworks */ = {isa = PBXBuildFile; fileRef = C0CFF741C61EED82369BD771 /* Pods_GithubSearch_GithubSearchUITests.framework */; };
		A6C3C7C1257BE705008613ED /* AppDelegate.swift in Sources */ = {isa = PBXBuildFile; fileRef = A6C3C7C0257BE705008613ED /* AppDelegate.swift */; };
		A6C3C7C3257BE705008613ED /* SceneDelegate.swift in Sources */ = {isa = PBXBuildFile; fileRef = A6C3C7C2257BE705008613ED /* SceneDelegate.swift */; };
		A6C3C7C5257BE705008613ED /* RepositoriesController.swift in Sources */ = {isa = PBXBuildFile; fileRef = A6C3C7C4257BE705008613ED /* RepositoriesController.swift */; };
		A6C3C7C8257BE705008613ED /* Repositories.storyboard in Resources */ = {isa = PBXBuildFile; fileRef = A6C3C7C6257BE705008613ED /* Repositories.storyboard */; };
		A6C3C7CA257BE708008613ED /* Assets.xcassets in Resources */ = {isa = PBXBuildFile; fileRef = A6C3C7C9257BE708008613ED /* Assets.xcassets */; };
		A6C3C7CD257BE708008613ED /* LaunchScreen.storyboard in Resources */ = {isa = PBXBuildFile; fileRef = A6C3C7CB257BE708008613ED /* LaunchScreen.storyboard */; };
		A6C3C7D8257BE708008613ED /* GithubSearchTests.swift in Sources */ = {isa = PBXBuildFile; fileRef = A6C3C7D7257BE708008613ED /* GithubSearchTests.swift */; };
		A6C3C7E3257BE708008613ED /* GithubSearchUITests.swift in Sources */ = {isa = PBXBuildFile; fileRef = A6C3C7E2257BE708008613ED /* GithubSearchUITests.swift */; };
		A6C3C807257CF5DD008613ED /* RepositoryCell.swift in Sources */ = {isa = PBXBuildFile; fileRef = A6C3C806257CF5DD008613ED /* RepositoryCell.swift */; };
		A6C3C80F257CF5F2008613ED /* RepositoryCell.xib in Resources */ = {isa = PBXBuildFile; fileRef = A6C3C80E257CF5F2008613ED /* RepositoryCell.xib */; };
		A6C3C81B257D082E008613ED /* RepositoriesViewModel.swift in Sources */ = {isa = PBXBuildFile; fileRef = A6C3C81A257D082E008613ED /* RepositoriesViewModel.swift */; };
		A6C3C827257D0B7B008613ED /* UIStoryboard+Extension.swift in Sources */ = {isa = PBXBuildFile; fileRef = A6C3C826257D0B7B008613ED /* UIStoryboard+Extension.swift */; };
		A6C3C844257D11B0008613ED /* GithubRequests.swift in Sources */ = {isa = PBXBuildFile; fileRef = A6C3C843257D11B0008613ED /* GithubRequests.swift */; };
		A6C3C84D257D1DBB008613ED /* RepositoriesRespons.swift in Sources */ = {isa = PBXBuildFile; fileRef = A6C3C84C257D1DBB008613ED /* RepositoriesRespons.swift */; };
		A6C3C85E257D2E14008613ED /* UIViewController+Extension.swift in Sources */ = {isa = PBXBuildFile; fileRef = A6C3C85D257D2E14008613ED /* UIViewController+Extension.swift */; };
		A6C3C863257D63AC008613ED /* RepositoryCellConfigerProtocol.swift in Sources */ = {isa = PBXBuildFile; fileRef = A6C3C862257D63AC008613ED /* RepositoryCellConfigerProtocol.swift */; };
		B6704AA1C0BAD4CD129DA039 /* Pods_GithubSearch.framework in Frameworks */ = {isa = PBXBuildFile; fileRef = 763B3A314A25DDD23E21CF0E /* Pods_GithubSearch.framework */; };
		C80B86204AA1EAA319A60476 /* Pods_GithubSearchTests.framework in Frameworks */ = {isa = PBXBuildFile; fileRef = 475E68C722E225BC8DCC2976 /* Pods_GithubSearchTests.framework */; };
/* End PBXBuildFile section */

/* Begin PBXContainerItemProxy section */
		A6C3C7D4257BE708008613ED /* PBXContainerItemProxy */ = {
			isa = PBXContainerItemProxy;
			containerPortal = A6C3C7B5257BE705008613ED /* Project object */;
			proxyType = 1;
			remoteGlobalIDString = A6C3C7BC257BE705008613ED;
			remoteInfo = GithubSearch;
		};
		A6C3C7DF257BE708008613ED /* PBXContainerItemProxy */ = {
			isa = PBXContainerItemProxy;
			containerPortal = A6C3C7B5257BE705008613ED /* Project object */;
			proxyType = 1;
			remoteGlobalIDString = A6C3C7BC257BE705008613ED;
			remoteInfo = GithubSearch;
		};
/* End PBXContainerItemProxy section */

/* Begin PBXFileReference section */
		475E68C722E225BC8DCC2976 /* Pods_GithubSearchTests.framework */ = {isa = PBXFileReference; explicitFileType = wrapper.framework; includeInIndex = 0; path = Pods_GithubSearchTests.framework; sourceTree = BUILT_PRODUCTS_DIR; };
		4EDC3C94AE9F721EEFC9E895 /* Pods-GithubSearch-GithubSearchUITests.release.xcconfig */ = {isa = PBXFileReference; includeInIndex = 1; lastKnownFileType = text.xcconfig; name = "Pods-GithubSearch-GithubSearchUITests.release.xcconfig"; path = "Target Support Files/Pods-GithubSearch-GithubSearchUITests/Pods-GithubSearch-GithubSearchUITests.release.xcconfig"; sourceTree = "<group>"; };
		576698DE037E01D6313A6AB3 /* Pods-GithubSearch.release.xcconfig */ = {isa = PBXFileReference; includeInIndex = 1; lastKnownFileType = text.xcconfig; name = "Pods-GithubSearch.release.xcconfig"; path = "Target Support Files/Pods-GithubSearch/Pods-GithubSearch.release.xcconfig"; sourceTree = "<group>"; };
		750AE27773E8FC9A2982F8A8 /* Pods-GithubSearch.debug.xcconfig */ = {isa = PBXFileReference; includeInIndex = 1; lastKnownFileType = text.xcconfig; name = "Pods-GithubSearch.debug.xcconfig"; path = "Target Support Files/Pods-GithubSearch/Pods-GithubSearch.debug.xcconfig"; sourceTree = "<group>"; };
		763B3A314A25DDD23E21CF0E /* Pods_GithubSearch.framework */ = {isa = PBXFileReference; explicitFileType = wrapper.framework; includeInIndex = 0; path = Pods_GithubSearch.framework; sourceTree = BUILT_PRODUCTS_DIR; };
		81029DDDF632EC1EA237C235 /* Pods-GithubSearch-GithubSearchUITests.debug.xcconfig */ = {isa = PBXFileReference; includeInIndex = 1; lastKnownFileType = text.xcconfig; name = "Pods-GithubSearch-GithubSearchUITests.debug.xcconfig"; path = "Target Support Files/Pods-GithubSearch-GithubSearchUITests/Pods-GithubSearch-GithubSearchUITests.debug.xcconfig"; sourceTree = "<group>"; };
		A6C3C7BD257BE705008613ED /* GithubSearch.app */ = {isa = PBXFileReference; explicitFileType = wrapper.application; includeInIndex = 0; path = GithubSearch.app; sourceTree = BUILT_PRODUCTS_DIR; };
		A6C3C7C0257BE705008613ED /* AppDelegate.swift */ = {isa = PBXFileReference; lastKnownFileType = sourcecode.swift; path = AppDelegate.swift; sourceTree = "<group>"; };
		A6C3C7C2257BE705008613ED /* SceneDelegate.swift */ = {isa = PBXFileReference; lastKnownFileType = sourcecode.swift; path = SceneDelegate.swift; sourceTree = "<group>"; };
		A6C3C7C4257BE705008613ED /* RepositoriesController.swift */ = {isa = PBXFileReference; lastKnownFileType = sourcecode.swift; path = RepositoriesController.swift; sourceTree = "<group>"; };
		A6C3C7C7257BE705008613ED /* Base */ = {isa = PBXFileReference; lastKnownFileType = file.storyboard; name = Base; path = Base.lproj/Repositories.storyboard; sourceTree = "<group>"; };
		A6C3C7C9257BE708008613ED /* Assets.xcassets */ = {isa = PBXFileReference; lastKnownFileType = folder.assetcatalog; path = Assets.xcassets; sourceTree = "<group>"; };
		A6C3C7CC257BE708008613ED /* Base */ = {isa = PBXFileReference; lastKnownFileType = file.storyboard; name = Base; path = Base.lproj/LaunchScreen.storyboard; sourceTree = "<group>"; };
		A6C3C7CE257BE708008613ED /* Info.plist */ = {isa = PBXFileReference; lastKnownFileType = text.plist.xml; path = Info.plist; sourceTree = "<group>"; };
		A6C3C7D3257BE708008613ED /* GithubSearchTests.xctest */ = {isa = PBXFileReference; explicitFileType = wrapper.cfbundle; includeInIndex = 0; path = GithubSearchTests.xctest; sourceTree = BUILT_PRODUCTS_DIR; };
		A6C3C7D7257BE708008613ED /* GithubSearchTests.swift */ = {isa = PBXFileReference; lastKnownFileType = sourcecode.swift; path = GithubSearchTests.swift; sourceTree = "<group>"; };
		A6C3C7D9257BE708008613ED /* Info.plist */ = {isa = PBXFileReference; lastKnownFileType = text.plist.xml; path = Info.plist; sourceTree = "<group>"; };
		A6C3C7DE257BE708008613ED /* GithubSearchUITests.xctest */ = {isa = PBXFileReference; explicitFileType = wrapper.cfbundle; includeInIndex = 0; path = GithubSearchUITests.xctest; sourceTree = BUILT_PRODUCTS_DIR; };
		A6C3C7E2257BE708008613ED /* GithubSearchUITests.swift */ = {isa = PBXFileReference; lastKnownFileType = sourcecode.swift; path = GithubSearchUITests.swift; sourceTree = "<group>"; };
		A6C3C7E4257BE708008613ED /* Info.plist */ = {isa = PBXFileReference; lastKnownFileType = text.plist.xml; path = Info.plist; sourceTree = "<group>"; };
		A6C3C806257CF5DD008613ED /* RepositoryCell.swift */ = {isa = PBXFileReference; lastKnownFileType = sourcecode.swift; path = RepositoryCell.swift; sourceTree = "<group>"; };
		A6C3C80E257CF5F2008613ED /* RepositoryCell.xib */ = {isa = PBXFileReference; lastKnownFileType = file.xib; path = RepositoryCell.xib; sourceTree = "<group>"; };
		A6C3C81A257D082E008613ED /* RepositoriesViewModel.swift */ = {isa = PBXFileReference; lastKnownFileType = sourcecode.swift; path = RepositoriesViewModel.swift; sourceTree = "<group>"; };
		A6C3C826257D0B7B008613ED /* UIStoryboard+Extension.swift */ = {isa = PBXFileReference; lastKnownFileType = sourcecode.swift; path = "UIStoryboard+Extension.swift"; sourceTree = "<group>"; };
		A6C3C843257D11B0008613ED /* GithubRequests.swift */ = {isa = PBXFileReference; lastKnownFileType = sourcecode.swift; path = GithubRequests.swift; sourceTree = "<group>"; };
		A6C3C84C257D1DBB008613ED /* RepositoriesRespons.swift */ = {isa = PBXFileReference; lastKnownFileType = sourcecode.swift; path = RepositoriesRespons.swift; sourceTree = "<group>"; };
		A6C3C85D257D2E14008613ED /* UIViewController+Extension.swift */ = {isa = PBXFileReference; lastKnownFileType = sourcecode.swift; path = "UIViewController+Extension.swift"; sourceTree = "<group>"; };
		A6C3C862257D63AC008613ED /* RepositoryCellConfigerProtocol.swift */ = {isa = PBXFileReference; lastKnownFileType = sourcecode.swift; path = RepositoryCellConfigerProtocol.swift; sourceTree = "<group>"; };
		C0CFF741C61EED82369BD771 /* Pods_GithubSearch_GithubSearchUITests.framework */ = {isa = PBXFileReference; explicitFileType = wrapper.framework; includeInIndex = 0; path = Pods_GithubSearch_GithubSearchUITests.framework; sourceTree = BUILT_PRODUCTS_DIR; };
		D98B097A5A78B1CB648BE076 /* Pods-GithubSearchTests.release.xcconfig */ = {isa = PBXFileReference; includeInIndex = 1; lastKnownFileType = text.xcconfig; name = "Pods-GithubSearchTests.release.xcconfig"; path = "Target Support Files/Pods-GithubSearchTests/Pods-GithubSearchTests.release.xcconfig"; sourceTree = "<group>"; };
		E5B7FC7270E20BD2B7637878 /* Pods-GithubSearchTests.debug.xcconfig */ = {isa = PBXFileReference; includeInIndex = 1; lastKnownFileType = text.xcconfig; name = "Pods-GithubSearchTests.debug.xcconfig"; path = "Target Support Files/Pods-GithubSearchTests/Pods-GithubSearchTests.debug.xcconfig"; sourceTree = "<group>"; };
/* End PBXFileReference section */

/* Begin PBXFrameworksBuildPhase section */
		A6C3C7BA257BE705008613ED /* Frameworks */ = {
			isa = PBXFrameworksBuildPhase;
			buildActionMask = 2147483647;
			files = (
				B6704AA1C0BAD4CD129DA039 /* Pods_GithubSearch.framework in Frameworks */,
			);
			runOnlyForDeploymentPostprocessing = 0;
		};
		A6C3C7D0257BE708008613ED /* Frameworks */ = {
			isa = PBXFrameworksBuildPhase;
			buildActionMask = 2147483647;
			files = (
				C80B86204AA1EAA319A60476 /* Pods_GithubSearchTests.framework in Frameworks */,
			);
			runOnlyForDeploymentPostprocessing = 0;
		};
		A6C3C7DB257BE708008613ED /* Frameworks */ = {
			isa = PBXFrameworksBuildPhase;
			buildActionMask = 2147483647;
			files = (
				7D29352388F78BA20CEA1659 /* Pods_GithubSearch_GithubSearchUITests.framework in Frameworks */,
			);
			runOnlyForDeploymentPostprocessing = 0;
		};
/* End PBXFrameworksBuildPhase section */

/* Begin PBXGroup section */
		A6C3C7B4257BE705008613ED = {
			isa = PBXGroup;
			children = (
				A6C3C7BF257BE705008613ED /* GithubSearch */,
				A6C3C7D6257BE708008613ED /* GithubSearchTests */,
				A6C3C7E1257BE708008613ED /* GithubSearchUITests */,
				A6C3C7BE257BE705008613ED /* Products */,
				E36C60C81B2C31597B4DD871 /* Pods */,
				E0DEB9E2A8B640801EE307B7 /* Frameworks */,
			);
			sourceTree = "<group>";
		};
		A6C3C7BE257BE705008613ED /* Products */ = {
			isa = PBXGroup;
			children = (
				A6C3C7BD257BE705008613ED /* GithubSearch.app */,
				A6C3C7D3257BE708008613ED /* GithubSearchTests.xctest */,
				A6C3C7DE257BE708008613ED /* GithubSearchUITests.xctest */,
			);
			name = Products;
			sourceTree = "<group>";
		};
		A6C3C7BF257BE705008613ED /* GithubSearch */ = {
			isa = PBXGroup;
			children = (
				A6C3C7C0257BE705008613ED /* AppDelegate.swift */,
				A6C3C7C2257BE705008613ED /* SceneDelegate.swift */,
				A6C3C7C6257BE705008613ED /* Repositories.storyboard */,
				A6C3C841257D1156008613ED /* Network */,
				A6C3C7FD257CF48D008613ED /* Controllers */,
				A6C3C804257CF5AD008613ED /* Views */,
				A6C3C825257D0B60008613ED /* Extensions */,
				A6C3C842257D117D008613ED /* Resources */,
				A6C3C7CE257BE708008613ED /* Info.plist */,
			);
			path = GithubSearch;
			sourceTree = "<group>";
		};
		A6C3C7D6257BE708008613ED /* GithubSearchTests */ = {
			isa = PBXGroup;
			children = (
				A6C3C7D7257BE708008613ED /* GithubSearchTests.swift */,
				A6C3C7D9257BE708008613ED /* Info.plist */,
			);
			path = GithubSearchTests;
			sourceTree = "<group>";
		};
		A6C3C7E1257BE708008613ED /* GithubSearchUITests */ = {
			isa = PBXGroup;
			children = (
				A6C3C7E2257BE708008613ED /* GithubSearchUITests.swift */,
				A6C3C7E4257BE708008613ED /* Info.plist */,
			);
			path = GithubSearchUITests;
			sourceTree = "<group>";
		};
		A6C3C7FD257CF48D008613ED /* Controllers */ = {
			isa = PBXGroup;
			children = (
				A6C3C816257D07A0008613ED /* Repositories */,
			);
			path = Controllers;
			sourceTree = "<group>";
		};
		A6C3C804257CF5AD008613ED /* Views */ = {
			isa = PBXGroup;
			children = (
				A6C3C805257CF5C4008613ED /* RepoTableViewCell */,
			);
			path = Views;
			sourceTree = "<group>";
		};
		A6C3C805257CF5C4008613ED /* RepoTableViewCell */ = {
			isa = PBXGroup;
			children = (
				A6C3C806257CF5DD008613ED /* RepositoryCell.swift */,
				A6C3C80E257CF5F2008613ED /* RepositoryCell.xib */,
				A6C3C862257D63AC008613ED /* RepositoryCellConfigerProtocol.swift */,
			);
			path = RepoTableViewCell;
			sourceTree = "<group>";
		};
		A6C3C816257D07A0008613ED /* Repositories */ = {
			isa = PBXGroup;
			children = (
				A6C3C7C4257BE705008613ED /* RepositoriesController.swift */,
				A6C3C81A257D082E008613ED /* RepositoriesViewModel.swift */,
			);
			path = Repositories;
			sourceTree = "<group>";
		};
		A6C3C825257D0B60008613ED /* Extensions */ = {
			isa = PBXGroup;
			children = (
				A6C3C826257D0B7B008613ED /* UIStoryboard+Extension.swift */,
				A6C3C85D257D2E14008613ED /* UIViewController+Extension.swift */,
			);
			path = Extensions;
			sourceTree = "<group>";
		};
		A6C3C841257D1156008613ED /* Network */ = {
			isa = PBXGroup;
			children = (
				A6C3C843257D11B0008613ED /* GithubRequests.swift */,
				A6C3C84B257D1B06008613ED /* Entities */,
			);
			path = Network;
			sourceTree = "<group>";
		};
		A6C3C842257D117D008613ED /* Resources */ = {
			isa = PBXGroup;
			children = (
				A6C3C7C9257BE708008613ED /* Assets.xcassets */,
				A6C3C7CB257BE708008613ED /* LaunchScreen.storyboard */,
			);
			path = Resources;
			sourceTree = "<group>";
		};
		A6C3C84B257D1B06008613ED /* Entities */ = {
			isa = PBXGroup;
			children = (
				A6C3C84C257D1DBB008613ED /* RepositoriesRespons.swift */,
			);
			path = Entities;
			sourceTree = "<group>";
		};
		E0DEB9E2A8B640801EE307B7 /* Frameworks */ = {
			isa = PBXGroup;
			children = (
				763B3A314A25DDD23E21CF0E /* Pods_GithubSearch.framework */,
				C0CFF741C61EED82369BD771 /* Pods_GithubSearch_GithubSearchUITests.framework */,
				475E68C722E225BC8DCC2976 /* Pods_GithubSearchTests.framework */,
			);
			name = Frameworks;
			sourceTree = "<group>";
		};
		E36C60C81B2C31597B4DD871 /* Pods */ = {
			isa = PBXGroup;
			children = (
				750AE27773E8FC9A2982F8A8 /* Pods-GithubSearch.debug.xcconfig */,
				576698DE037E01D6313A6AB3 /* Pods-GithubSearch.release.xcconfig */,
				81029DDDF632EC1EA237C235 /* Pods-GithubSearch-GithubSearchUITests.debug.xcconfig */,
				4EDC3C94AE9F721EEFC9E895 /* Pods-GithubSearch-GithubSearchUITests.release.xcconfig */,
				E5B7FC7270E20BD2B7637878 /* Pods-GithubSearchTests.debug.xcconfig */,
				D98B097A5A78B1CB648BE076 /* Pods-GithubSearchTests.release.xcconfig */,
			);
			path = Pods;
			sourceTree = "<group>";
		};
/* End PBXGroup section */

/* Begin PBXNativeTarget section */
		A6C3C7BC257BE705008613ED /* GithubSearch */ = {
			isa = PBXNativeTarget;
			buildConfigurationList = A6C3C7E7257BE708008613ED /* Build configuration list for PBXNativeTarget "GithubSearch" */;
			buildPhases = (
				2509F0AB7AFFE462801A68F3 /* [CP] Check Pods Manifest.lock */,
				A6C3C7B9257BE705008613ED /* Sources */,
				A6C3C7BA257BE705008613ED /* Frameworks */,
				A6C3C7BB257BE705008613ED /* Resources */,
				0656EA8C0D54FA0EB2740D71 /* [CP] Embed Pods Frameworks */,
			);
			buildRules = (
			);
			dependencies = (
			);
			name = GithubSearch;
			productName = GithubSearch;
			productReference = A6C3C7BD257BE705008613ED /* GithubSearch.app */;
			productType = "com.apple.product-type.application";
		};
		A6C3C7D2257BE708008613ED /* GithubSearchTests */ = {
			isa = PBXNativeTarget;
			buildConfigurationList = A6C3C7EA257BE708008613ED /* Build configuration list for PBXNativeTarget "GithubSearchTests" */;
			buildPhases = (
				8C370DF515BC093583F26971 /* [CP] Check Pods Manifest.lock */,
				A6C3C7CF257BE708008613ED /* Sources */,
				A6C3C7D0257BE708008613ED /* Frameworks */,
				A6C3C7D1257BE708008613ED /* Resources */,
			);
			buildRules = (
			);
			dependencies = (
				A6C3C7D5257BE708008613ED /* PBXTargetDependency */,
			);
			name = GithubSearchTests;
			productName = GithubSearchTests;
			productReference = A6C3C7D3257BE708008613ED /* GithubSearchTests.xctest */;
			productType = "com.apple.product-type.bundle.unit-test";
		};
		A6C3C7DD257BE708008613ED /* GithubSearchUITests */ = {
			isa = PBXNativeTarget;
			buildConfigurationList = A6C3C7ED257BE708008613ED /* Build configuration list for PBXNativeTarget "GithubSearchUITests" */;
			buildPhases = (
				7CAC3996042A86973172F055 /* [CP] Check Pods Manifest.lock */,
				A6C3C7DA257BE708008613ED /* Sources */,
				A6C3C7DB257BE708008613ED /* Frameworks */,
				A6C3C7DC257BE708008613ED /* Resources */,
				0C1257E4F4D4C5673B93CF4D /* [CP] Embed Pods Frameworks */,
			);
			buildRules = (
			);
			dependencies = (
				A6C3C7E0257BE708008613ED /* PBXTargetDependency */,
			);
			name = GithubSearchUITests;
			productName = GithubSearchUITests;
			productReference = A6C3C7DE257BE708008613ED /* GithubSearchUITests.xctest */;
			productType = "com.apple.product-type.bundle.ui-testing";
		};
/* End PBXNativeTarget section */

/* Begin PBXProject section */
		A6C3C7B5257BE705008613ED /* Project object */ = {
			isa = PBXProject;
			attributes = {
				LastSwiftUpdateCheck = 1220;
				LastUpgradeCheck = 1220;
				TargetAttributes = {
					A6C3C7BC257BE705008613ED = {
						CreatedOnToolsVersion = 12.2;
					};
					A6C3C7D2257BE708008613ED = {
						CreatedOnToolsVersion = 12.2;
						TestTargetID = A6C3C7BC257BE705008613ED;
					};
					A6C3C7DD257BE708008613ED = {
						CreatedOnToolsVersion = 12.2;
						TestTargetID = A6C3C7BC257BE705008613ED;
					};
				};
			};
			buildConfigurationList = A6C3C7B8257BE705008613ED /* Build configuration list for PBXProject "GithubSearch" */;
			compatibilityVersion = "Xcode 9.3";
			developmentRegion = en;
			hasScannedForEncodings = 0;
			knownRegions = (
				en,
				Base,
			);
			mainGroup = A6C3C7B4257BE705008613ED;
			productRefGroup = A6C3C7BE257BE705008613ED /* Products */;
			projectDirPath = "";
			projectRoot = "";
			targets = (
				A6C3C7BC257BE705008613ED /* GithubSearch */,
				A6C3C7D2257BE708008613ED /* GithubSearchTests */,
				A6C3C7DD257BE708008613ED /* GithubSearchUITests */,
			);
		};
/* End PBXProject section */

/* Begin PBXResourcesBuildPhase section */
		A6C3C7BB257BE705008613ED /* Resources */ = {
			isa = PBXResourcesBuildPhase;
			buildActionMask = 2147483647;
			files = (
				A6C3C7CD257BE708008613ED /* LaunchScreen.storyboard in Resources */,
				A6C3C7CA257BE708008613ED /* Assets.xcassets in Resources */,
				A6C3C7C8257BE705008613ED /* Repositories.storyboard in Resources */,
				A6C3C80F257CF5F2008613ED /* RepositoryCell.xib in Resources */,
			);
			runOnlyForDeploymentPostprocessing = 0;
		};
		A6C3C7D1257BE708008613ED /* Resources */ = {
			isa = PBXResourcesBuildPhase;
			buildActionMask = 2147483647;
			files = (
			);
			runOnlyForDeploymentPostprocessing = 0;
		};
		A6C3C7DC257BE708008613ED /* Resources */ = {
			isa = PBXResourcesBuildPhase;
			buildActionMask = 2147483647;
			files = (
			);
			runOnlyForDeploymentPostprocessing = 0;
		};
/* End PBXResourcesBuildPhase section */

/* Begin PBXShellScriptBuildPhase section */
		0656EA8C0D54FA0EB2740D71 /* [CP] Embed Pods Frameworks */ = {
			isa = PBXShellScriptBuildPhase;
			buildActionMask = 2147483647;
			files = (
			);
			inputFileListPaths = (
				"${PODS_ROOT}/Target Support Files/Pods-GithubSearch/Pods-GithubSearch-frameworks-${CONFIGURATION}-input-files.xcfilelist",
			);
			name = "[CP] Embed Pods Frameworks";
			outputFileListPaths = (
				"${PODS_ROOT}/Target Support Files/Pods-GithubSearch/Pods-GithubSearch-frameworks-${CONFIGURATION}-output-files.xcfilelist",
			);
			runOnlyForDeploymentPostprocessing = 0;
			shellPath = /bin/sh;
			shellScript = "\"${PODS_ROOT}/Target Support Files/Pods-GithubSearch/Pods-GithubSearch-frameworks.sh\"\n";
			showEnvVarsInLog = 0;
		};
		0C1257E4F4D4C5673B93CF4D /* [CP] Embed Pods Frameworks */ = {
			isa = PBXShellScriptBuildPhase;
			buildActionMask = 2147483647;
			files = (
			);
			inputFileListPaths = (
				"${PODS_ROOT}/Target Support Files/Pods-GithubSearch-GithubSearchUITests/Pods-GithubSearch-GithubSearchUITests-frameworks-${CONFIGURATION}-input-files.xcfilelist",
			);
			name = "[CP] Embed Pods Frameworks";
			outputFileListPaths = (
				"${PODS_ROOT}/Target Support Files/Pods-GithubSearch-GithubSearchUITests/Pods-GithubSearch-GithubSearchUITests-frameworks-${CONFIGURATION}-output-files.xcfilelist",
			);
			runOnlyForDeploymentPostprocessing = 0;
			shellPath = /bin/sh;
			shellScript = "\"${PODS_ROOT}/Target Support Files/Pods-GithubSearch-GithubSearchUITests/Pods-GithubSearch-GithubSearchUITests-frameworks.sh\"\n";
			showEnvVarsInLog = 0;
		};
		2509F0AB7AFFE462801A68F3 /* [CP] Check Pods Manifest.lock */ = {
			isa = PBXShellScriptBuildPhase;
			buildActionMask = 2147483647;
			files = (
			);
			inputFileListPaths = (
			);
			inputPaths = (
				"${PODS_PODFILE_DIR_PATH}/Podfile.lock",
				"${PODS_ROOT}/Manifest.lock",
			);
			name = "[CP] Check Pods Manifest.lock";
			outputFileListPaths = (
			);
			outputPaths = (
				"$(DERIVED_FILE_DIR)/Pods-GithubSearch-checkManifestLockResult.txt",
			);
			runOnlyForDeploymentPostprocessing = 0;
			shellPath = /bin/sh;
			shellScript = "diff \"${PODS_PODFILE_DIR_PATH}/Podfile.lock\" \"${PODS_ROOT}/Manifest.lock\" > /dev/null\nif [ $? != 0 ] ; then\n    # print error to STDERR\n    echo \"error: The sandbox is not in sync with the Podfile.lock. Run 'pod install' or update your CocoaPods installation.\" >&2\n    exit 1\nfi\n# This output is used by Xcode 'outputs' to avoid re-running this script phase.\necho \"SUCCESS\" > \"${SCRIPT_OUTPUT_FILE_0}\"\n";
			showEnvVarsInLog = 0;
		};
		7CAC3996042A86973172F055 /* [CP] Check Pods Manifest.lock */ = {
			isa = PBXShellScriptBuildPhase;
			buildActionMask = 2147483647;
			files = (
			);
			inputFileListPaths = (
			);
			inputPaths = (
				"${PODS_PODFILE_DIR_PATH}/Podfile.lock",
				"${PODS_ROOT}/Manifest.lock",
			);
			name = "[CP] Check Pods Manifest.lock";
			outputFileListPaths = (
			);
			outputPaths = (
				"$(DERIVED_FILE_DIR)/Pods-GithubSearch-GithubSearchUITests-checkManifestLockResult.txt",
			);
			runOnlyForDeploymentPostprocessing = 0;
			shellPath = /bin/sh;
			shellScript = "diff \"${PODS_PODFILE_DIR_PATH}/Podfile.lock\" \"${PODS_ROOT}/Manifest.lock\" > /dev/null\nif [ $? != 0 ] ; then\n    # print error to STDERR\n    echo \"error: The sandbox is not in sync with the Podfile.lock. Run 'pod install' or update your CocoaPods installation.\" >&2\n    exit 1\nfi\n# This output is used by Xcode 'outputs' to avoid re-running this script phase.\necho \"SUCCESS\" > \"${SCRIPT_OUTPUT_FILE_0}\"\n";
			showEnvVarsInLog = 0;
		};
		8C370DF515BC093583F26971 /* [CP] Check Pods Manifest.lock */ = {
			isa = PBXShellScriptBuildPhase;
			buildActionMask = 2147483647;
			files = (
			);
			inputFileListPaths = (
			);
			inputPaths = (
				"${PODS_PODFILE_DIR_PATH}/Podfile.lock",
				"${PODS_ROOT}/Manifest.lock",
			);
			name = "[CP] Check Pods Manifest.lock";
			outputFileListPaths = (
			);
			outputPaths = (
				"$(DERIVED_FILE_DIR)/Pods-GithubSearchTests-checkManifestLockResult.txt",
			);
			runOnlyForDeploymentPostprocessing = 0;
			shellPath = /bin/sh;
			shellScript = "diff \"${PODS_PODFILE_DIR_PATH}/Podfile.lock\" \"${PODS_ROOT}/Manifest.lock\" > /dev/null\nif [ $? != 0 ] ; then\n    # print error to STDERR\n    echo \"error: The sandbox is not in sync with the Podfile.lock. Run 'pod install' or update your CocoaPods installation.\" >&2\n    exit 1\nfi\n# This output is used by Xcode 'outputs' to avoid re-running this script phase.\necho \"SUCCESS\" > \"${SCRIPT_OUTPUT_FILE_0}\"\n";
			showEnvVarsInLog = 0;
		};
/* End PBXShellScriptBuildPhase section */

/* Begin PBXSourcesBuildPhase section */
		A6C3C7B9257BE705008613ED /* Sources */ = {
			isa = PBXSourcesBuildPhase;
			buildActionMask = 2147483647;
			files = (
				A6C3C85E257D2E14008613ED /* UIViewController+Extension.swift in Sources */,
				A6C3C827257D0B7B008613ED /* UIStoryboard+Extension.swift in Sources */,
				A6C3C863257D63AC008613ED /* RepositoryCellConfigerProtocol.swift in Sources */,
				A6C3C7C5257BE705008613ED /* RepositoriesController.swift in Sources */,
				A6C3C7C1257BE705008613ED /* AppDelegate.swift in Sources */,
				A6C3C7C3257BE705008613ED /* SceneDelegate.swift in Sources */,
				A6C3C81B257D082E008613ED /* RepositoriesViewModel.swift in Sources */,
				A6C3C844257D11B0008613ED /* GithubRequests.swift in Sources */,
				A6C3C84D257D1DBB008613ED /* RepositoriesRespons.swift in Sources */,
				A6C3C807257CF5DD008613ED /* RepositoryCell.swift in Sources */,
			);
			runOnlyForDeploymentPostprocessing = 0;
		};
		A6C3C7CF257BE708008613ED /* Sources */ = {
			isa = PBXSourcesBuildPhase;
			buildActionMask = 2147483647;
			files = (
				A6C3C7D8257BE708008613ED /* GithubSearchTests.swift in Sources */,
			);
			runOnlyForDeploymentPostprocessing = 0;
		};
		A6C3C7DA257BE708008613ED /* Sources */ = {
			isa = PBXSourcesBuildPhase;
			buildActionMask = 2147483647;
			files = (
				A6C3C7E3257BE708008613ED /* GithubSearchUITests.swift in Sources */,
			);
			runOnlyForDeploymentPostprocessing = 0;
		};
/* End PBXSourcesBuildPhase section */

/* Begin PBXTargetDependency section */
		A6C3C7D5257BE708008613ED /* PBXTargetDependency */ = {
			isa = PBXTargetDependency;
			target = A6C3C7BC257BE705008613ED /* GithubSearch */;
			targetProxy = A6C3C7D4257BE708008613ED /* PBXContainerItemProxy */;
		};
		A6C3C7E0257BE708008613ED /* PBXTargetDependency */ = {
			isa = PBXTargetDependency;
			target = A6C3C7BC257BE705008613ED /* GithubSearch */;
			targetProxy = A6C3C7DF257BE708008613ED /* PBXContainerItemProxy */;
		};
/* End PBXTargetDependency section */

/* Begin PBXVariantGroup section */
		A6C3C7C6257BE705008613ED /* Repositories.storyboard */ = {
			isa = PBXVariantGroup;
			children = (
				A6C3C7C7257BE705008613ED /* Base */,
			);
			name = Repositories.storyboard;
			sourceTree = "<group>";
		};
		A6C3C7CB257BE708008613ED /* LaunchScreen.storyboard */ = {
			isa = PBXVariantGroup;
			children = (
				A6C3C7CC257BE708008613ED /* Base */,
			);
			name = LaunchScreen.storyboard;
			sourceTree = "<group>";
		};
/* End PBXVariantGroup section */

/* Begin XCBuildConfiguration section */
		A6C3C7E5257BE708008613ED /* Debug */ = {
			isa = XCBuildConfiguration;
			buildSettings = {
				ALWAYS_SEARCH_USER_PATHS = NO;
				CLANG_ANALYZER_NONNULL = YES;
				CLANG_ANALYZER_NUMBER_OBJECT_CONVERSION = YES_AGGRESSIVE;
				CLANG_CXX_LANGUAGE_STANDARD = "gnu++14";
				CLANG_CXX_LIBRARY = "libc++";
				CLANG_ENABLE_MODULES = YES;
				CLANG_ENABLE_OBJC_ARC = YES;
				CLANG_ENABLE_OBJC_WEAK = YES;
				CLANG_WARN_BLOCK_CAPTURE_AUTORELEASING = YES;
				CLANG_WARN_BOOL_CONVERSION = YES;
				CLANG_WARN_COMMA = YES;
				CLANG_WARN_CONSTANT_CONVERSION = YES;
				CLANG_WARN_DEPRECATED_OBJC_IMPLEMENTATIONS = YES;
				CLANG_WARN_DIRECT_OBJC_ISA_USAGE = YES_ERROR;
				CLANG_WARN_DOCUMENTATION_COMMENTS = YES;
				CLANG_WARN_EMPTY_BODY = YES;
				CLANG_WARN_ENUM_CONVERSION = YES;
				CLANG_WARN_INFINITE_RECURSION = YES;
				CLANG_WARN_INT_CONVERSION = YES;
				CLANG_WARN_NON_LITERAL_NULL_CONVERSION = YES;
				CLANG_WARN_OBJC_IMPLICIT_RETAIN_SELF = YES;
				CLANG_WARN_OBJC_LITERAL_CONVERSION = YES;
				CLANG_WARN_OBJC_ROOT_CLASS = YES_ERROR;
				CLANG_WARN_QUOTED_INCLUDE_IN_FRAMEWORK_HEADER = YES;
				CLANG_WARN_RANGE_LOOP_ANALYSIS = YES;
				CLANG_WARN_STRICT_PROTOTYPES = YES;
				CLANG_WARN_SUSPICIOUS_MOVE = YES;
				CLANG_WARN_UNGUARDED_AVAILABILITY = YES_AGGRESSIVE;
				CLANG_WARN_UNREACHABLE_CODE = YES;
				CLANG_WARN__DUPLICATE_METHOD_MATCH = YES;
				COPY_PHASE_STRIP = NO;
				DEBUG_INFORMATION_FORMAT = dwarf;
				ENABLE_STRICT_OBJC_MSGSEND = YES;
				ENABLE_TESTABILITY = YES;
				GCC_C_LANGUAGE_STANDARD = gnu11;
				GCC_DYNAMIC_NO_PIC = NO;
				GCC_NO_COMMON_BLOCKS = YES;
				GCC_OPTIMIZATION_LEVEL = 0;
				GCC_PREPROCESSOR_DEFINITIONS = (
					"DEBUG=1",
					"$(inherited)",
				);
				GCC_WARN_64_TO_32_BIT_CONVERSION = YES;
				GCC_WARN_ABOUT_RETURN_TYPE = YES_ERROR;
				GCC_WARN_UNDECLARED_SELECTOR = YES;
				GCC_WARN_UNINITIALIZED_AUTOS = YES_AGGRESSIVE;
				GCC_WARN_UNUSED_FUNCTION = YES;
				GCC_WARN_UNUSED_VARIABLE = YES;
				IPHONEOS_DEPLOYMENT_TARGET = 14.2;
				MTL_ENABLE_DEBUG_INFO = INCLUDE_SOURCE;
				MTL_FAST_MATH = YES;
				ONLY_ACTIVE_ARCH = YES;
				SDKROOT = iphoneos;
				SWIFT_ACTIVE_COMPILATION_CONDITIONS = DEBUG;
				SWIFT_OPTIMIZATION_LEVEL = "-Onone";
			};
			name = Debug;
		};
		A6C3C7E6257BE708008613ED /* Release */ = {
			isa = XCBuildConfiguration;
			buildSettings = {
				ALWAYS_SEARCH_USER_PATHS = NO;
				CLANG_ANALYZER_NONNULL = YES;
				CLANG_ANALYZER_NUMBER_OBJECT_CONVERSION = YES_AGGRESSIVE;
				CLANG_CXX_LANGUAGE_STANDARD = "gnu++14";
				CLANG_CXX_LIBRARY = "libc++";
				CLANG_ENABLE_MODULES = YES;
				CLANG_ENABLE_OBJC_ARC = YES;
				CLANG_ENABLE_OBJC_WEAK = YES;
				CLANG_WARN_BLOCK_CAPTURE_AUTORELEASING = YES;
				CLANG_WARN_BOOL_CONVERSION = YES;
				CLANG_WARN_COMMA = YES;
				CLANG_WARN_CONSTANT_CONVERSION = YES;
				CLANG_WARN_DEPRECATED_OBJC_IMPLEMENTATIONS = YES;
				CLANG_WARN_DIRECT_OBJC_ISA_USAGE = YES_ERROR;
				CLANG_WARN_DOCUMENTATION_COMMENTS = YES;
				CLANG_WARN_EMPTY_BODY = YES;
				CLANG_WARN_ENUM_CONVERSION = YES;
				CLANG_WARN_INFINITE_RECURSION = YES;
				CLANG_WARN_INT_CONVERSION = YES;
				CLANG_WARN_NON_LITERAL_NULL_CONVERSION = YES;
				CLANG_WARN_OBJC_IMPLICIT_RETAIN_SELF = YES;
				CLANG_WARN_OBJC_LITERAL_CONVERSION = YES;
				CLANG_WARN_OBJC_ROOT_CLASS = YES_ERROR;
				CLANG_WARN_QUOTED_INCLUDE_IN_FRAMEWORK_HEADER = YES;
				CLANG_WARN_RANGE_LOOP_ANALYSIS = YES;
				CLANG_WARN_STRICT_PROTOTYPES = YES;
				CLANG_WARN_SUSPICIOUS_MOVE = YES;
				CLANG_WARN_UNGUARDED_AVAILABILITY = YES_AGGRESSIVE;
				CLANG_WARN_UNREACHABLE_CODE = YES;
				CLANG_WARN__DUPLICATE_METHOD_MATCH = YES;
				COPY_PHASE_STRIP = NO;
				DEBUG_INFORMATION_FORMAT = "dwarf-with-dsym";
				ENABLE_NS_ASSERTIONS = NO;
				ENABLE_STRICT_OBJC_MSGSEND = YES;
				GCC_C_LANGUAGE_STANDARD = gnu11;
				GCC_NO_COMMON_BLOCKS = YES;
				GCC_WARN_64_TO_32_BIT_CONVERSION = YES;
				GCC_WARN_ABOUT_RETURN_TYPE = YES_ERROR;
				GCC_WARN_UNDECLARED_SELECTOR = YES;
				GCC_WARN_UNINITIALIZED_AUTOS = YES_AGGRESSIVE;
				GCC_WARN_UNUSED_FUNCTION = YES;
				GCC_WARN_UNUSED_VARIABLE = YES;
				IPHONEOS_DEPLOYMENT_TARGET = 14.2;
				MTL_ENABLE_DEBUG_INFO = NO;
				MTL_FAST_MATH = YES;
				SDKROOT = iphoneos;
				SWIFT_COMPILATION_MODE = wholemodule;
				SWIFT_OPTIMIZATION_LEVEL = "-O";
				VALIDATE_PRODUCT = YES;
			};
			name = Release;
		};
		A6C3C7E8257BE708008613ED /* Debug */ = {
			isa = XCBuildConfiguration;
			baseConfigurationReference = 750AE27773E8FC9A2982F8A8 /* Pods-GithubSearch.debug.xcconfig */;
			buildSettings = {
				ASSETCATALOG_COMPILER_APPICON_NAME = AppIcon;
				ASSETCATALOG_COMPILER_GLOBAL_ACCENT_COLOR_NAME = AccentColor;
				CODE_SIGN_STYLE = Automatic;
				DEVELOPMENT_TEAM = AK62F95LBK;
				INFOPLIST_FILE = GithubSearch/Info.plist;
				LD_RUNPATH_SEARCH_PATHS = (
					"$(inherited)",
					"@executable_path/Frameworks",
				);
				PRODUCT_BUNDLE_IDENTIFIER = com.product.GithubSearch;
				PRODUCT_NAME = "$(TARGET_NAME)";
				SWIFT_VERSION = 5.0;
				TARGETED_DEVICE_FAMILY = "1,2";
			};
			name = Debug;
		};
		A6C3C7E9257BE708008613ED /* Release */ = {
			isa = XCBuildConfiguration;
			baseConfigurationReference = 576698DE037E01D6313A6AB3 /* Pods-GithubSearch.release.xcconfig */;
			buildSettings = {
				ASSETCATALOG_COMPILER_APPICON_NAME = AppIcon;
				ASSETCATALOG_COMPILER_GLOBAL_ACCENT_COLOR_NAME = AccentColor;
				CODE_SIGN_STYLE = Automatic;
				DEVELOPMENT_TEAM = AK62F95LBK;
				INFOPLIST_FILE = GithubSearch/Info.plist;
				LD_RUNPATH_SEARCH_PATHS = (
					"$(inherited)",
					"@executable_path/Frameworks",
				);
				PRODUCT_BUNDLE_IDENTIFIER = com.product.GithubSearch;
				PRODUCT_NAME = "$(TARGET_NAME)";
				SWIFT_VERSION = 5.0;
				TARGETED_DEVICE_FAMILY = "1,2";
			};
			name = Release;
		};
		A6C3C7EB257BE708008613ED /* Debug */ = {
			isa = XCBuildConfiguration;
			baseConfigurationReference = E5B7FC7270E20BD2B7637878 /* Pods-GithubSearchTests.debug.xcconfig */;
			buildSettings = {
				ALWAYS_EMBED_SWIFT_STANDARD_LIBRARIES = YES;
				BUNDLE_LOADER = "$(TEST_HOST)";
				CODE_SIGN_STYLE = Automatic;
				DEVELOPMENT_TEAM = AK62F95LBK;
				INFOPLIST_FILE = GithubSearchTests/Info.plist;
				IPHONEOS_DEPLOYMENT_TARGET = 14.2;
				LD_RUNPATH_SEARCH_PATHS = (
					"$(inherited)",
					"@executable_path/Frameworks",
					"@loader_path/Frameworks",
				);
				PRODUCT_BUNDLE_IDENTIFIER = com.product.GithubSearchTests;
				PRODUCT_NAME = "$(TARGET_NAME)";
				SWIFT_VERSION = 5.0;
				TARGETED_DEVICE_FAMILY = "1,2";
				TEST_HOST = "$(BUILT_PRODUCTS_DIR)/GithubSearch.app/GithubSearch";
			};
			name = Debug;
		};
		A6C3C7EC257BE708008613ED /* Release */ = {
			isa = XCBuildConfiguration;
			baseConfigurationReference = D98B097A5A78B1CB648BE076 /* Pods-GithubSearchTests.release.xcconfig */;
			buildSettings = {
				ALWAYS_EMBED_SWIFT_STANDARD_LIBRARIES = YES;
				BUNDLE_LOADER = "$(TEST_HOST)";
				CODE_SIGN_STYLE = Automatic;
				DEVELOPMENT_TEAM = AK62F95LBK;
				INFOPLIST_FILE = GithubSearchTests/Info.plist;
				IPHONEOS_DEPLOYMENT_TARGET = 14.2;
				LD_RUNPATH_SEARCH_PATHS = (
					"$(inherited)",
					"@executable_path/Frameworks",
					"@loader_path/Frameworks",
				);
				PRODUCT_BUNDLE_IDENTIFIER = com.product.GithubSearchTests;
				PRODUCT_NAME = "$(TARGET_NAME)";
				SWIFT_VERSION = 5.0;
				TARGETED_DEVICE_FAMILY = "1,2";
				TEST_HOST = "$(BUILT_PRODUCTS_DIR)/GithubSearch.app/GithubSearch";
			};
			name = Release;
		};
		A6C3C7EE257BE708008613ED /* Debug */ = {
			isa = XCBuildConfiguration;
			baseConfigurationReference = 81029DDDF632EC1EA237C235 /* Pods-GithubSearch-GithubSearchUITests.debug.xcconfig */;
			buildSettings = {
				ALWAYS_EMBED_SWIFT_STANDARD_LIBRARIES = YES;
				CODE_SIGN_STYLE = Automatic;
				DEVELOPMENT_TEAM = AK62F95LBK;
				INFOPLIST_FILE = GithubSearchUITests/Info.plist;
				LD_RUNPATH_SEARCH_PATHS = (
					"$(inherited)",
					"@executable_path/Frameworks",
					"@loader_path/Frameworks",
				);
				PRODUCT_BUNDLE_IDENTIFIER = com.product.GithubSearchUITests;
				PRODUCT_NAME = "$(TARGET_NAME)";
				SWIFT_VERSION = 5.0;
				TARGETED_DEVICE_FAMILY = "1,2";
				TEST_TARGET_NAME = GithubSearch;
			};
			name = Debug;
		};
		A6C3C7EF257BE708008613ED /* Release */ = {
			isa = XCBuildConfiguration;
			baseConfigurationReference = 4EDC3C94AE9F721EEFC9E895 /* Pods-GithubSearch-GithubSearchUITests.release.xcconfig */;
			buildSettings = {
				ALWAYS_EMBED_SWIFT_STANDARD_LIBRARIES = YES;
				CODE_SIGN_STYLE = Automatic;
				DEVELOPMENT_TEAM = AK62F95LBK;
				INFOPLIST_FILE = GithubSearchUITests/Info.plist;
				LD_RUNPATH_SEARCH_PATHS = (
					"$(inherited)",
					"@executable_path/Frameworks",
					"@loader_path/Frameworks",
				);
				PRODUCT_BUNDLE_IDENTIFIER = com.product.GithubSearchUITests;
				PRODUCT_NAME = "$(TARGET_NAME)";
				SWIFT_VERSION = 5.0;
				TARGETED_DEVICE_FAMILY = "1,2";
				TEST_TARGET_NAME = GithubSearch;
			};
			name = Release;
		};
/* End XCBuildConfiguration section */

/* Begin XCConfigurationList section */
		A6C3C7B8257BE705008613ED /* Build configuration list for PBXProject "GithubSearch" */ = {
			isa = XCConfigurationList;
			buildConfigurations = (
				A6C3C7E5257BE708008613ED /* Debug */,
				A6C3C7E6257BE708008613ED /* Release */,
			);
			defaultConfigurationIsVisible = 0;
			defaultConfigurationName = Release;
		};
		A6C3C7E7257BE708008613ED /* Build configuration list for PBXNativeTarget "GithubSearch" */ = {
			isa = XCConfigurationList;
			buildConfigurations = (
				A6C3C7E8257BE708008613ED /* Debug */,
				A6C3C7E9257BE708008613ED /* Release */,
			);
			defaultConfigurationIsVisible = 0;
			defaultConfigurationName = Release;
		};
		A6C3C7EA257BE708008613ED /* Build configuration list for PBXNativeTarget "GithubSearchTests" */ = {
			isa = XCConfigurationList;
			buildConfigurations = (
				A6C3C7EB257BE708008613ED /* Debug */,
				A6C3C7EC257BE708008613ED /* Release */,
			);
			defaultConfigurationIsVisible = 0;
			defaultConfigurationName = Release;
		};
		A6C3C7ED257BE708008613ED /* Build configuration list for PBXNativeTarget "GithubSearchUITests" */ = {
			isa = XCConfigurationList;
			buildConfigurations = (
				A6C3C7EE257BE708008613ED /* Debug */,
				A6C3C7EF257BE708008613ED /* Release */,
			);
			defaultConfigurationIsVisible = 0;
			defaultConfigurationName = Release;
		};
/* End XCConfigurationList section */
	};
	rootObject = A6C3C7B5257BE705008613ED /* Project object */;
}
